<?xml version="1.0" encoding="utf-8"?>
<Project ToolsVersion="4.0" xmlns="http://schemas.microsoft.com/developer/msbuild/2003">
  <ItemGroup>
    <Filter Include="Resource Files">
      <UniqueIdentifier>{67DA6AB6-F800-4c08-8B7A-83BB121AAD01}</UniqueIdentifier>
      <Extensions>rc;ico;cur;bmp;dlg;rc2;rct;bin;rgs;gif;jpg;jpeg;jpe;resx;tiff;tif;png;wav;mfcribbon-ms</Extensions>
    </Filter>
    <Filter Include="Graphics">
      <UniqueIdentifier>{d9df85d8-0356-4cf9-9b92-200ae74c9789}</UniqueIdentifier>
    </Filter>
    <Filter Include="Utils">
      <UniqueIdentifier>{e7b9b9c8-1ecc-492e-96bf-c7031200fbe4}</UniqueIdentifier>
    </Filter>
    <Filter Include="Kairos">
      <UniqueIdentifier>{9cad34ef-c1be-4ddd-ad47-c71d0831e1ad}</UniqueIdentifier>
    </Filter>
    <Filter Include="ImGui">
      <UniqueIdentifier>{834a034f-3c3b-4ed8-84d5-5d9e764cf459}</UniqueIdentifier>
    </Filter>
  </ItemGroup>
  <ItemGroup>
    <ClCompile Include="src\main.cpp" />
    <ClCompile Include="..\kairos\Kairos\FpsLite.cpp">
      <Filter>Kairos</Filter>
    </ClCompile>
    <ClCompile Include="..\kairos\Kairos\Timestep.cpp">
      <Filter>Kairos</Filter>
    </ClCompile>
    <ClCompile Include="..\kairos\Kairos\Absorel.cpp">
      <Filter>Kairos</Filter>
    </ClCompile>
    <ClCompile Include="..\kairos\Kairos\BasicClock.cpp">
      <Filter>Kairos</Filter>
    </ClCompile>
    <ClCompile Include="..\kairos\Kairos\Continuum.cpp">
      <Filter>Kairos</Filter>
    </ClCompile>
    <ClCompile Include="..\kairos\Kairos\Duration.cpp">
      <Filter>Kairos</Filter>
    </ClCompile>
    <ClCompile Include="..\kairos\Kairos\Stopwatch.cpp">
      <Filter>Kairos</Filter>
    </ClCompile>
    <ClCompile Include="..\kairos\Kairos\Timer.cpp">
      <Filter>Kairos</Filter>
    </ClCompile>
    <ClCompile Include="..\kairos\Kairos\TimestepLite.cpp">
      <Filter>Kairos</Filter>
    </ClCompile>
    <ClCompile Include="..\imgui\include\imgui.cpp">
      <Filter>ImGui</Filter>
    </ClCompile>
    <ClCompile Include="..\imgui\include\imgui_draw.cpp">
      <Filter>ImGui</Filter>
    </ClCompile>
    <ClCompile Include="..\imgui\include\imgui-SFML.cpp">
      <Filter>ImGui</Filter>
    </ClCompile>
    <ClCompile Include="..\imgui\include\imguidock.cpp">
      <Filter>ImGui</Filter>
    </ClCompile>
    <ClCompile Include="src\graphics\Core.cpp">
      <Filter>Graphics</Filter>
    </ClCompile>
  </ItemGroup>
  <ItemGroup>
    <ClInclude Include="src\utils\Macros.hpp">
      <Filter>Utils</Filter>
    </ClInclude>
    <ClInclude Include="src\utils\Themes.hpp">
      <Filter>Utils</Filter>
    </ClInclude>
    <ClInclude Include="src\graphics\Core.hpp">
      <Filter>Graphics</Filter>
    </ClInclude>
    <ClInclude Include="src\utils\Utility.hpp">
      <Filter>Utils</Filter>
    </ClInclude>
  </ItemGroup>
  <ItemGroup>
    <None Include="..\kairos\Kairos\Absorel.inl">
      <Filter>Kairos</Filter>
    </None>
    <None Include="..\kairos\Kairos\Yalpes.inl">
      <Filter>Kairos</Filter>
    </None>
  </ItemGroup>
</Project>